// !$*UTF8*$!
{
	archiveVersion = 1;
	classes = {
	};
	objectVersion = 46;
	objects = {

/* Begin PBXBuildFile section */
		B77A989D1D889CEB002A9542 /* Constants.swift in Sources */ = {isa = PBXBuildFile; fileRef = B77A989C1D889CEB002A9542 /* Constants.swift */; };
		B78DA7761D8F565A00C290D0 /* HTTP.swift in Sources */ = {isa = PBXBuildFile; fileRef = B78DA7751D8F565A00C290D0 /* HTTP.swift */; };
		B796901D1D88836800685E19 /* AppDelegate.swift in Sources */ = {isa = PBXBuildFile; fileRef = B796901C1D88836800685E19 /* AppDelegate.swift */; };
		B79690241D88836800685E19 /* Assets.xcassets in Resources */ = {isa = PBXBuildFile; fileRef = B79690231D88836800685E19 /* Assets.xcassets */; };
		B79690321D88836800685E19 /* chimichangaTests.swift in Sources */ = {isa = PBXBuildFile; fileRef = B79690311D88836800685E19 /* chimichangaTests.swift */; };
		B796903D1D88836800685E19 /* chimichangaUITests.swift in Sources */ = {isa = PBXBuildFile; fileRef = B796903C1D88836800685E19 /* chimichangaUITests.swift */; };
		B796904B1D888A9700685E19 /* MainViewController.swift in Sources */ = {isa = PBXBuildFile; fileRef = B796904A1D888A9700685E19 /* MainViewController.swift */; };
		B796904E1D88967E00685E19 /* WeatherApi.swift in Sources */ = {isa = PBXBuildFile; fileRef = B796904D1D88967E00685E19 /* WeatherApi.swift */; };
		B79E8CB81D88AF5A00EBF872 /* Location.swift in Sources */ = {isa = PBXBuildFile; fileRef = B79E8CB71D88AF5A00EBF872 /* Location.swift */; };
		B7EFEBDB1D8F5EDD00C31361 /* DetailViewController.swift in Sources */ = {isa = PBXBuildFile; fileRef = B7EFEBDA1D8F5EDD00C31361 /* DetailViewController.swift */; };
		B7EFEBDF1D8F958A00C31361 /* LocationList.swift in Sources */ = {isa = PBXBuildFile; fileRef = B7EFEBDE1D8F958A00C31361 /* LocationList.swift */; };
/* End PBXBuildFile section */

/* Begin PBXContainerItemProxy section */
		B796902E1D88836800685E19 /* PBXContainerItemProxy */ = {
			isa = PBXContainerItemProxy;
			containerPortal = B79690111D88836800685E19 /* Project object */;
			proxyType = 1;
			remoteGlobalIDString = B79690181D88836800685E19;
			remoteInfo = chimichanga;
		};
		B79690391D88836800685E19 /* PBXContainerItemProxy */ = {
			isa = PBXContainerItemProxy;
			containerPortal = B79690111D88836800685E19 /* Project object */;
			proxyType = 1;
			remoteGlobalIDString = B79690181D88836800685E19;
			remoteInfo = chimichanga;
		};
/* End PBXContainerItemProxy section */

/* Begin PBXFileReference section */
		B77A989C1D889CEB002A9542 /* Constants.swift */ = {isa = PBXFileReference; fileEncoding = 4; lastKnownFileType = sourcecode.swift; path = Constants.swift; sourceTree = "<group>"; };
		B78DA7751D8F565A00C290D0 /* HTTP.swift */ = {isa = PBXFileReference; fileEncoding = 4; lastKnownFileType = sourcecode.swift; path = HTTP.swift; sourceTree = "<group>"; };
		B79690191D88836800685E19 /* chimichanga.app */ = {isa = PBXFileReference; explicitFileType = wrapper.application; includeInIndex = 0; path = chimichanga.app; sourceTree = BUILT_PRODUCTS_DIR; };
		B796901C1D88836800685E19 /* AppDelegate.swift */ = {isa = PBXFileReference; lastKnownFileType = sourcecode.swift; path = AppDelegate.swift; sourceTree = "<group>"; };
		B79690231D88836800685E19 /* Assets.xcassets */ = {isa = PBXFileReference; lastKnownFileType = folder.assetcatalog; path = Assets.xcassets; sourceTree = "<group>"; };
		B79690281D88836800685E19 /* Info.plist */ = {isa = PBXFileReference; lastKnownFileType = text.plist.xml; path = Info.plist; sourceTree = "<group>"; };
		B796902D1D88836800685E19 /* chimichangaTests.xctest */ = {isa = PBXFileReference; explicitFileType = wrapper.cfbundle; includeInIndex = 0; path = chimichangaTests.xctest; sourceTree = BUILT_PRODUCTS_DIR; };
		B79690311D88836800685E19 /* chimichangaTests.swift */ = {isa = PBXFileReference; lastKnownFileType = sourcecode.swift; path = chimichangaTests.swift; sourceTree = "<group>"; };
		B79690331D88836800685E19 /* Info.plist */ = {isa = PBXFileReference; lastKnownFileType = text.plist.xml; path = Info.plist; sourceTree = "<group>"; };
		B79690381D88836800685E19 /* chimichangaUITests.xctest */ = {isa = PBXFileReference; explicitFileType = wrapper.cfbundle; includeInIndex = 0; path = chimichangaUITests.xctest; sourceTree = BUILT_PRODUCTS_DIR; };
		B796903C1D88836800685E19 /* chimichangaUITests.swift */ = {isa = PBXFileReference; lastKnownFileType = sourcecode.swift; path = chimichangaUITests.swift; sourceTree = "<group>"; };
		B796903E1D88836800685E19 /* Info.plist */ = {isa = PBXFileReference; lastKnownFileType = text.plist.xml; path = Info.plist; sourceTree = "<group>"; };
		B796904A1D888A9700685E19 /* MainViewController.swift */ = {isa = PBXFileReference; fileEncoding = 4; lastKnownFileType = sourcecode.swift; path = MainViewController.swift; sourceTree = "<group>"; };
		B796904D1D88967E00685E19 /* WeatherApi.swift */ = {isa = PBXFileReference; fileEncoding = 4; lastKnownFileType = sourcecode.swift; path = WeatherApi.swift; sourceTree = "<group>"; };
		B79E8CB71D88AF5A00EBF872 /* Location.swift */ = {isa = PBXFileReference; fileEncoding = 4; lastKnownFileType = sourcecode.swift; path = Location.swift; sourceTree = "<group>"; };
		B7EFEBDA1D8F5EDD00C31361 /* DetailViewController.swift */ = {isa = PBXFileReference; fileEncoding = 4; lastKnownFileType = sourcecode.swift; path = DetailViewController.swift; sourceTree = "<group>"; };
		B7EFEBDE1D8F958A00C31361 /* LocationList.swift */ = {isa = PBXFileReference; fileEncoding = 4; lastKnownFileType = sourcecode.swift; path = LocationList.swift; sourceTree = "<group>"; };
/* End PBXFileReference section */

/* Begin PBXFrameworksBuildPhase section */
		B79690161D88836800685E19 /* Frameworks */ = {
			isa = PBXFrameworksBuildPhase;
			buildActionMask = 2147483647;
			files = (
			);
			runOnlyForDeploymentPostprocessing = 0;
		};
		B796902A1D88836800685E19 /* Frameworks */ = {
			isa = PBXFrameworksBuildPhase;
			buildActionMask = 2147483647;
			files = (
			);
			runOnlyForDeploymentPostprocessing = 0;
		};
		B79690351D88836800685E19 /* Frameworks */ = {
			isa = PBXFrameworksBuildPhase;
			buildActionMask = 2147483647;
			files = (
			);
			runOnlyForDeploymentPostprocessing = 0;
		};
/* End PBXFrameworksBuildPhase section */

/* Begin PBXGroup section */
		B77A989B1D889CDF002A9542 /* constants */ = {
			isa = PBXGroup;
			children = (
				B77A989C1D889CEB002A9542 /* Constants.swift */,
			);
			name = constants;
			sourceTree = "<group>";
		};
		B79690101D88836800685E19 = {
			isa = PBXGroup;
			children = (
				B796901B1D88836800685E19 /* chimichanga */,
				B79690301D88836800685E19 /* chimichangaTests */,
				B796903B1D88836800685E19 /* chimichangaUITests */,
				B796901A1D88836800685E19 /* Products */,
			);
			sourceTree = "<group>";
		};
		B796901A1D88836800685E19 /* Products */ = {
			isa = PBXGroup;
			children = (
				B79690191D88836800685E19 /* chimichanga.app */,
				B796902D1D88836800685E19 /* chimichangaTests.xctest */,
				B79690381D88836800685E19 /* chimichangaUITests.xctest */,
			);
			name = Products;
			sourceTree = "<group>";
		};
		B796901B1D88836800685E19 /* chimichanga */ = {
			isa = PBXGroup;
			children = (
				B79E8CB61D88AF4D00EBF872 /* classes */,
				B77A989B1D889CDF002A9542 /* constants */,
				B796904C1D88966100685E19 /* services */,
				B796901C1D88836800685E19 /* AppDelegate.swift */,
				B7EFEBDA1D8F5EDD00C31361 /* DetailViewController.swift */,
				B796904A1D888A9700685E19 /* MainViewController.swift */,
				B79690231D88836800685E19 /* Assets.xcassets */,
				B79690281D88836800685E19 /* Info.plist */,
			);
			path = chimichanga;
			sourceTree = "<group>";
		};
		B79690301D88836800685E19 /* chimichangaTests */ = {
			isa = PBXGroup;
			children = (
				B79690311D88836800685E19 /* chimichangaTests.swift */,
				B79690331D88836800685E19 /* Info.plist */,
			);
			path = chimichangaTests;
			sourceTree = "<group>";
		};
		B796903B1D88836800685E19 /* chimichangaUITests */ = {
			isa = PBXGroup;
			children = (
				B796903C1D88836800685E19 /* chimichangaUITests.swift */,
				B796903E1D88836800685E19 /* Info.plist */,
			);
			path = chimichangaUITests;
			sourceTree = "<group>";
		};
		B796904C1D88966100685E19 /* services */ = {
			isa = PBXGroup;
			children = (
				B796904D1D88967E00685E19 /* WeatherApi.swift */,
				B78DA7751D8F565A00C290D0 /* HTTP.swift */,
			);
			name = services;
			sourceTree = "<group>";
		};
		B79E8CB61D88AF4D00EBF872 /* classes */ = {
			isa = PBXGroup;
			children = (
				B79E8CB71D88AF5A00EBF872 /* Location.swift */,
				B7EFEBDE1D8F958A00C31361 /* LocationList.swift */,
			);
			name = classes;
			sourceTree = "<group>";
		};
/* End PBXGroup section */

/* Begin PBXNativeTarget section */
		B79690181D88836800685E19 /* chimichanga */ = {
			isa = PBXNativeTarget;
			buildConfigurationList = B79690411D88836800685E19 /* Build configuration list for PBXNativeTarget "chimichanga" */;
			buildPhases = (
				B79690151D88836800685E19 /* Sources */,
				B79690161D88836800685E19 /* Frameworks */,
				B79690171D88836800685E19 /* Resources */,
			);
			buildRules = (
			);
			dependencies = (
			);
			name = chimichanga;
			productName = chimichanga;
			productReference = B79690191D88836800685E19 /* chimichanga.app */;
			productType = "com.apple.product-type.application";
		};
		B796902C1D88836800685E19 /* chimichangaTests */ = {
			isa = PBXNativeTarget;
			buildConfigurationList = B79690441D88836800685E19 /* Build configuration list for PBXNativeTarget "chimichangaTests" */;
			buildPhases = (
				B79690291D88836800685E19 /* Sources */,
				B796902A1D88836800685E19 /* Frameworks */,
				B796902B1D88836800685E19 /* Resources */,
			);
			buildRules = (
			);
			dependencies = (
				B796902F1D88836800685E19 /* PBXTargetDependency */,
			);
			name = chimichangaTests;
			productName = chimichangaTests;
			productReference = B796902D1D88836800685E19 /* chimichangaTests.xctest */;
			productType = "com.apple.product-type.bundle.unit-test";
		};
		B79690371D88836800685E19 /* chimichangaUITests */ = {
			isa = PBXNativeTarget;
			buildConfigurationList = B79690471D88836800685E19 /* Build configuration list for PBXNativeTarget "chimichangaUITests" */;
			buildPhases = (
				B79690341D88836800685E19 /* Sources */,
				B79690351D88836800685E19 /* Frameworks */,
				B79690361D88836800685E19 /* Resources */,
			);
			buildRules = (
			);
			dependencies = (
				B796903A1D88836800685E19 /* PBXTargetDependency */,
			);
			name = chimichangaUITests;
			productName = chimichangaUITests;
			productReference = B79690381D88836800685E19 /* chimichangaUITests.xctest */;
			productType = "com.apple.product-type.bundle.ui-testing";
		};
/* End PBXNativeTarget section */

/* Begin PBXProject section */
		B79690111D88836800685E19 /* Project object */ = {
			isa = PBXProject;
			attributes = {
				LastSwiftUpdateCheck = 0730;
				LastUpgradeCheck = 0800;
				ORGANIZATIONNAME = welbornio;
				TargetAttributes = {
					B79690181D88836800685E19 = {
						CreatedOnToolsVersion = 7.3.1;
						LastSwiftMigration = 0800;
					};
					B796902C1D88836800685E19 = {
						CreatedOnToolsVersion = 7.3.1;
						LastSwiftMigration = 0800;
						TestTargetID = B79690181D88836800685E19;
					};
					B79690371D88836800685E19 = {
						CreatedOnToolsVersion = 7.3.1;
						LastSwiftMigration = 0800;
						TestTargetID = B79690181D88836800685E19;
					};
				};
			};
			buildConfigurationList = B79690141D88836800685E19 /* Build configuration list for PBXProject "chimichanga" */;
			compatibilityVersion = "Xcode 3.2";
			developmentRegion = English;
			hasScannedForEncodings = 0;
			knownRegions = (
				en,
				Base,
			);
			mainGroup = B79690101D88836800685E19;
			productRefGroup = B796901A1D88836800685E19 /* Products */;
			projectDirPath = "";
			projectRoot = "";
			targets = (
				B79690181D88836800685E19 /* chimichanga */,
				B796902C1D88836800685E19 /* chimichangaTests */,
				B79690371D88836800685E19 /* chimichangaUITests */,
			);
		};
/* End PBXProject section */

/* Begin PBXResourcesBuildPhase section */
		B79690171D88836800685E19 /* Resources */ = {
			isa = PBXResourcesBuildPhase;
			buildActionMask = 2147483647;
			files = (
				B79690241D88836800685E19 /* Assets.xcassets in Resources */,
			);
			runOnlyForDeploymentPostprocessing = 0;
		};
		B796902B1D88836800685E19 /* Resources */ = {
			isa = PBXResourcesBuildPhase;
			buildActionMask = 2147483647;
			files = (
			);
			runOnlyForDeploymentPostprocessing = 0;
		};
		B79690361D88836800685E19 /* Resources */ = {
			isa = PBXResourcesBuildPhase;
			buildActionMask = 2147483647;
			files = (
			);
			runOnlyForDeploymentPostprocessing = 0;
		};
/* End PBXResourcesBuildPhase section */

/* Begin PBXSourcesBuildPhase section */
		B79690151D88836800685E19 /* Sources */ = {
			isa = PBXSourcesBuildPhase;
			buildActionMask = 2147483647;
			files = (
				B796901D1D88836800685E19 /* AppDelegate.swift in Sources */,
				B78DA7761D8F565A00C290D0 /* HTTP.swift in Sources */,
				B7EFEBDF1D8F958A00C31361 /* LocationList.swift in Sources */,
				B796904B1D888A9700685E19 /* MainViewController.swift in Sources */,
				B796904E1D88967E00685E19 /* WeatherApi.swift in Sources */,
				B79E8CB81D88AF5A00EBF872 /* Location.swift in Sources */,
				B77A989D1D889CEB002A9542 /* Constants.swift in Sources */,
				B7EFEBDB1D8F5EDD00C31361 /* DetailViewController.swift in Sources */,
			);
			runOnlyForDeploymentPostprocessing = 0;
		};
		B79690291D88836800685E19 /* Sources */ = {
			isa = PBXSourcesBuildPhase;
			buildActionMask = 2147483647;
			files = (
				B79690321D88836800685E19 /* chimichangaTests.swift in Sources */,
			);
			runOnlyForDeploymentPostprocessing = 0;
		};
		B79690341D88836800685E19 /* Sources */ = {
			isa = PBXSourcesBuildPhase;
			buildActionMask = 2147483647;
			files = (
				B796903D1D88836800685E19 /* chimichangaUITests.swift in Sources */,
			);
			runOnlyForDeploymentPostprocessing = 0;
		};
/* End PBXSourcesBuildPhase section */

/* Begin PBXTargetDependency section */
		B796902F1D88836800685E19 /* PBXTargetDependency */ = {
			isa = PBXTargetDependency;
			target = B79690181D88836800685E19 /* chimichanga */;
			targetProxy = B796902E1D88836800685E19 /* PBXContainerItemProxy */;
		};
		B796903A1D88836800685E19 /* PBXTargetDependency */ = {
			isa = PBXTargetDependency;
			target = B79690181D88836800685E19 /* chimichanga */;
			targetProxy = B79690391D88836800685E19 /* PBXContainerItemProxy */;
		};
/* End PBXTargetDependency section */

/* Begin XCBuildConfiguration section */
		B796903F1D88836800685E19 /* Debug */ = {
			isa = XCBuildConfiguration;
			buildSettings = {
				ALWAYS_SEARCH_USER_PATHS = NO;
				CLANG_ANALYZER_NONNULL = YES;
				CLANG_CXX_LANGUAGE_STANDARD = "gnu++0x";
				CLANG_CXX_LIBRARY = "libc++";
				CLANG_ENABLE_MODULES = YES;
				CLANG_ENABLE_OBJC_ARC = YES;
				CLANG_WARN_BOOL_CONVERSION = YES;
				CLANG_WARN_CONSTANT_CONVERSION = YES;
				CLANG_WARN_DIRECT_OBJC_ISA_USAGE = YES_ERROR;
				CLANG_WARN_EMPTY_BODY = YES;
				CLANG_WARN_ENUM_CONVERSION = YES;
				CLANG_WARN_INFINITE_RECURSION = YES;
				CLANG_WARN_INT_CONVERSION = YES;
				CLANG_WARN_OBJC_ROOT_CLASS = YES_ERROR;
				CLANG_WARN_SUSPICIOUS_MOVE = YES;
				CLANG_WARN_UNREACHABLE_CODE = YES;
				CLANG_WARN__DUPLICATE_METHOD_MATCH = YES;
				"CODE_SIGN_IDENTITY[sdk=iphoneos*]" = "iPhone Developer";
				COPY_PHASE_STRIP = NO;
				DEBUG_INFORMATION_FORMAT = dwarf;
				ENABLE_STRICT_OBJC_MSGSEND = YES;
				ENABLE_TESTABILITY = YES;
				GCC_C_LANGUAGE_STANDARD = gnu99;
				GCC_DYNAMIC_NO_PIC = NO;
				GCC_NO_COMMON_BLOCKS = YES;
				GCC_OPTIMIZATION_LEVEL = 0;
				GCC_PREPROCESSOR_DEFINITIONS = (
					"DEBUG=1",
					"$(inherited)",
				);
				GCC_WARN_64_TO_32_BIT_CONVERSION = YES;
				GCC_WARN_ABOUT_RETURN_TYPE = YES_ERROR;
				GCC_WARN_UNDECLARED_SELECTOR = YES;
				GCC_WARN_UNINITIALIZED_AUTOS = YES_AGGRESSIVE;
				GCC_WARN_UNUSED_FUNCTION = YES;
				GCC_WARN_UNUSED_VARIABLE = YES;
				IPHONEOS_DEPLOYMENT_TARGET = 9.3;
				MTL_ENABLE_DEBUG_INFO = YES;
				ONLY_ACTIVE_ARCH = YES;
				SDKROOT = iphoneos;
				SWIFT_OPTIMIZATION_LEVEL = "-Onone";
				TARGETED_DEVICE_FAMILY = "1,2";
			};
			name = Debug;
		};
		B79690401D88836800685E19 /* Release */ = {
			isa = XCBuildConfiguration;
			buildSettings = {
				ALWAYS_SEARCH_USER_PATHS = NO;
				CLANG_ANALYZER_NONNULL = YES;
				CLANG_CXX_LANGUAGE_STANDARD = "gnu++0x";
				CLANG_CXX_LIBRARY = "libc++";
				CLANG_ENABLE_MODULES = YES;
				CLANG_ENABLE_OBJC_ARC = YES;
				CLANG_WARN_BOOL_CONVERSION = YES;
				CLANG_WARN_CONSTANT_CONVERSION = YES;
				CLANG_WARN_DIRECT_OBJC_ISA_USAGE = YES_ERROR;
				CLANG_WARN_EMPTY_BODY = YES;
				CLANG_WARN_ENUM_CONVERSION = YES;
				CLANG_WARN_INFINITE_RECURSION = YES;
				CLANG_WARN_INT_CONVERSION = YES;
				CLANG_WARN_OBJC_ROOT_CLASS = YES_ERROR;
				CLANG_WARN_SUSPICIOUS_MOVE = YES;
				CLANG_WARN_UNREACHABLE_CODE = YES;
				CLANG_WARN__DUPLICATE_METHOD_MATCH = YES;
				"CODE_SIGN_IDENTITY[sdk=iphoneos*]" = "iPhone Developer";
				COPY_PHASE_STRIP = NO;
				DEBUG_INFORMATION_FORMAT = "dwarf-with-dsym";
				ENABLE_NS_ASSERTIONS = NO;
				ENABLE_STRICT_OBJC_MSGSEND = YES;
				GCC_C_LANGUAGE_STANDARD = gnu99;
				GCC_NO_COMMON_BLOCKS = YES;
				GCC_WARN_64_TO_32_BIT_CONVERSION = YES;
				GCC_WARN_ABOUT_RETURN_TYPE = YES_ERROR;
				GCC_WARN_UNDECLARED_SELECTOR = YES;
				GCC_WARN_UNINITIALIZED_AUTOS = YES_AGGRESSIVE;
				GCC_WARN_UNUSED_FUNCTION = YES;
				GCC_WARN_UNUSED_VARIABLE = YES;
				IPHONEOS_DEPLOYMENT_TARGET = 9.3;
				MTL_ENABLE_DEBUG_INFO = NO;
				SDKROOT = iphoneos;
				SWIFT_OPTIMIZATION_LEVEL = "-Owholemodule";
				TARGETED_DEVICE_FAMILY = "1,2";
				VALIDATE_PRODUCT = YES;
			};
			name = Release;
		};
		B79690421D88836800685E19 /* Debug */ = {
			isa = XCBuildConfiguration;
			buildSettings = {
				ASSETCATALOG_COMPILER_APPICON_NAME = AppIcon;
				INFOPLIST_FILE = chimichanga/Info.plist;
				LD_RUNPATH_SEARCH_PATHS = "$(inherited) @executable_path/Frameworks";
				PRODUCT_BUNDLE_IDENTIFIER = welbornio.chimichanga;
				PRODUCT_NAME = "$(TARGET_NAME)";
				SWIFT_VERSION = 3.0;
			};
			name = Debug;
		};
		B79690431D88836800685E19 /* Release */ = {
			isa = XCBuildConfiguration;
			buildSettings = {
				ASSETCATALOG_COMPILER_APPICON_NAME = AppIcon;
				INFOPLIST_FILE = chimichanga/Info.plist;
				LD_RUNPATH_SEARCH_PATHS = "$(inherited) @executable_path/Frameworks";
				PRODUCT_BUNDLE_IDENTIFIER = welbornio.chimichanga;
				PRODUCT_NAME = "$(TARGET_NAME)";
				SWIFT_VERSION = 3.0;
			};
			name = Release;
		};
		B79690451D88836800685E19 /* Debug */ = {
			isa = XCBuildConfiguration;
			buildSettings = {
				BUNDLE_LOADER = "$(TEST_HOST)";
				INFOPLIST_FILE = chimichangaTests/Info.plist;
				LD_RUNPATH_SEARCH_PATHS = "$(inherited) @executable_path/Frameworks @loader_path/Frameworks";
				PRODUCT_BUNDLE_IDENTIFIER = welbornio.chimichangaTests;
				PRODUCT_NAME = "$(TARGET_NAME)";
				SWIFT_VERSION = 3.0;
				TEST_HOST = "$(BUILT_PRODUCTS_DIR)/chimichanga.app/chimichanga";
			};
			name = Debug;
		};
		B79690461D88836800685E19 /* Release */ = {
			isa = XCBuildConfiguration;
			buildSettings = {
				BUNDLE_LOADER = "$(TEST_HOST)";
				INFOPLIST_FILE = chimichangaTests/Info.plist;
				LD_RUNPATH_SEARCH_PATHS = "$(inherited) @executable_path/Frameworks @loader_path/Frameworks";
				PRODUCT_BUNDLE_IDENTIFIER = welbornio.chimichangaTests;
				PRODUCT_NAME = "$(TARGET_NAME)";
				SWIFT_VERSION = 3.0;
				TEST_HOST = "$(BUILT_PRODUCTS_DIR)/chimichanga.app/chimichanga";
			};
			name = Release;
		};
		B79690481D88836800685E19 /* Debug */ = {
			isa = XCBuildConfiguration;
			buildSettings = {
				INFOPLIST_FILE = chimichangaUITests/Info.plist;
				LD_RUNPATH_SEARCH_PATHS = "$(inherited) @executable_path/Frameworks @loader_path/Frameworks";
				PRODUCT_BUNDLE_IDENTIFIER = welbornio.chimichangaUITests;
				PRODUCT_NAME = "$(TARGET_NAME)";
				SWIFT_VERSION = 3.0;
				TEST_TARGET_NAME = chimichanga;
			};
			name = Debug;
		};
		B79690491D88836800685E19 /* Release */ = {
			isa = XCBuildConfiguration;
			buildSettings = {
				INFOPLIST_FILE = chimichangaUITests/Info.plist;
				LD_RUNPATH_SEARCH_PATHS = "$(inherited) @executable_path/Frameworks @loader_path/Frameworks";
				PRODUCT_BUNDLE_IDENTIFIER = welbornio.chimichangaUITests;
				PRODUCT_NAME = "$(TARGET_NAME)";
				SWIFT_VERSION = 3.0;
				TEST_TARGET_NAME = chimichanga;
			};
			name = Release;
		};
/* End XCBuildConfiguration section */

/* Begin XCConfigurationList section */
		B79690141D88836800685E19 /* Build configuration list for PBXProject "chimichanga" */ = {
			isa = XCConfigurationList;
			buildConfigurations = (
				B796903F1D88836800685E19 /* Debug */,
				B79690401D88836800685E19 /* Release */,
			);
			defaultConfigurationIsVisible = 0;
			defaultConfigurationName = Release;
		};
		B79690411D88836800685E19 /* Build configuration list for PBXNativeTarget "chimichanga" */ = {
			isa = XCConfigurationList;
			buildConfigurations = (
				B79690421D88836800685E19 /* Debug */,
				B79690431D88836800685E19 /* Release */,
			);
			defaultConfigurationIsVisible = 0;
			defaultConfigurationName = Release;
		};
		B79690441D88836800685E19 /* Build configuration list for PBXNativeTarget "chimichangaTests" */ = {
			isa = XCConfigurationList;
			buildConfigurations = (
				B79690451D88836800685E19 /* Debug */,
				B79690461D88836800685E19 /* Release */,
			);
			defaultConfigurationIsVisible = 0;
			defaultConfigurationName = Release;
		};
		B79690471D88836800685E19 /* Build configuration list for PBXNativeTarget "chimichangaUITests" */ = {
			isa = XCConfigurationList;
			buildConfigurations = (
				B79690481D88836800685E19 /* Debug */,
				B79690491D88836800685E19 /* Release */,
			);
			defaultConfigurationIsVisible = 0;
			defaultConfigurationName = Release;
		};
/* End XCConfigurationList section */
	};
	rootObject = B79690111D88836800685E19 /* Project object */;
}
